{
    "version": 3,
    "terraform_version": "0.11.10",
    "serial": 21,
    "lineage": "101a3c3c-398f-1f03-d623-bc2cd871d0e0",
    "modules": [
        {
            "path": [
                "root"
            ],
            "outputs": {
                "ec2_ssm_output": {
                    "sensitive": false,
                    "type": "string",
                    "value": "5f78c125-18dd-4171-9257-f896d3e684a2"
                }
            },
            "resources": {
                "aws_iam_instance_profile.ssm_ec2_role": {
                    "type": "aws_iam_instance_profile",
                    "depends_on": [
                        "aws_iam_role.ec2_role_for_ssm"
                    ],
                    "primary": {
                        "id": "mytest_ManagedInstanceRoleforSSM",
                        "attributes": {
                            "arn": "arn:aws:iam::702884508278:instance-profile/mytest_ManagedInstanceRoleforSSM",
                            "create_date": "2018-12-05T01:19:39Z",
                            "id": "mytest_ManagedInstanceRoleforSSM",
                            "name": "mytest_ManagedInstanceRoleforSSM",
                            "path": "/",
                            "role": "mytest_MaintanceWindowRole",
                            "roles.#": "1",
                            "roles.2921746304": "mytest_MaintanceWindowRole",
                            "unique_id": "AIPAI6V6ZEU2UT7OJAZ3C"
                        },
                        "meta": {},
                        "tainted": false
                    },
                    "deposed": [],
                    "provider": "provider.aws"
                },
                "aws_iam_role.ec2_role_for_ssm": {
                    "type": "aws_iam_role",
                    "depends_on": [],
                    "primary": {
                        "id": "mytest_MaintanceWindowRole",
                        "attributes": {
                            "arn": "arn:aws:iam::702884508278:role/mytest_MaintanceWindowRole",
                            "assume_role_policy": "{\"Version\":\"2012-10-17\",\"Statement\":[{\"Effect\":\"Allow\",\"Principal\":{\"Service\":\"ec2.amazonaws.com\"},\"Action\":\"sts:AssumeRole\"}]}",
                            "create_date": "2018-12-05T01:19:37Z",
                            "description": "",
                            "force_detach_policies": "false",
                            "id": "mytest_MaintanceWindowRole",
                            "max_session_duration": "3600",
                            "name": "mytest_MaintanceWindowRole",
                            "path": "/",
                            "tags.%": "0",
                            "unique_id": "AROAINOU72VFAEI2OQWTE"
                        },
                        "meta": {},
                        "tainted": false
                    },
                    "deposed": [],
                    "provider": "provider.aws"
                },
                "aws_iam_role.maintenance_window_role": {
                    "type": "aws_iam_role",
                    "depends_on": [],
                    "primary": {
                        "id": "mytest_maintenance_window_role",
                        "attributes": {
                            "arn": "arn:aws:iam::702884508278:role/mytest_maintenance_window_role",
                            "assume_role_policy": "{\"Version\":\"2012-10-17\",\"Statement\":[{\"Sid\":\"\",\"Effect\":\"Allow\",\"Principal\":{\"Service\":[\"ec2.amazonaws.com\",\"ssm.amazonaws.com\"]},\"Action\":\"sts:AssumeRole\"}]}",
                            "create_date": "2018-12-05T00:07:17Z",
                            "description": "",
                            "force_detach_policies": "false",
                            "id": "mytest_maintenance_window_role",
                            "max_session_duration": "3600",
                            "name": "mytest_maintenance_window_role",
                            "path": "/",
                            "tags.%": "0",
                            "unique_id": "AROAIZ424VQ32EUS2WOH4"
                        },
                        "meta": {},
                        "tainted": false
                    },
                    "deposed": [],
                    "provider": "provider.aws"
                },
                "aws_iam_role_policy_attachment.ec2_role_for_ssm": {
                    "type": "aws_iam_role_policy_attachment",
                    "depends_on": [
                        "aws_iam_role.ec2_role_for_ssm"
                    ],
                    "primary": {
                        "id": "mytest_MaintanceWindowRole-20181205011940796400000001",
                        "attributes": {
                            "id": "mytest_MaintanceWindowRole-20181205011940796400000001",
                            "policy_arn": "arn:aws:iam::aws:policy/service-role/AmazonEC2RoleforSSM",
                            "role": "mytest_MaintanceWindowRole"
                        },
                        "meta": {},
                        "tainted": false
                    },
                    "deposed": [],
                    "provider": "provider.aws"
                },
                "aws_iam_role_policy_attachment.maintenance_window_role": {
                    "type": "aws_iam_role_policy_attachment",
                    "depends_on": [
                        "aws_iam_role.maintenance_window_role"
                    ],
                    "primary": {
                        "id": "mytest_maintenance_window_role-20181205000720957900000002",
                        "attributes": {
                            "id": "mytest_maintenance_window_role-20181205000720957900000002",
                            "policy_arn": "arn:aws:iam::aws:policy/service-role/AmazonSSMMaintenanceWindowRole",
                            "role": "mytest_maintenance_window_role"
                        },
                        "meta": {},
                        "tainted": false
                    },
                    "deposed": [],
                    "provider": "provider.aws"
                },
                "aws_instance.app1": {
                    "type": "aws_instance",
                    "depends_on": [
                        "aws_iam_instance_profile.ssm_ec2_role",
                        "local.common_tags_Windows"
                    ],
                    "primary": {
                        "id": "i-0eb8c41f0d81ce163",
                        "attributes": {
                            "ami": "ami-03b3182648d0d0bfb",
                            "arn": "arn:aws:ec2:ap-southeast-2:702884508278:instance/i-0eb8c41f0d81ce163",
                            "associate_public_ip_address": "true",
                            "availability_zone": "ap-southeast-2b",
                            "cpu_core_count": "1",
                            "cpu_threads_per_core": "1",
                            "credit_specification.#": "1",
                            "credit_specification.0.cpu_credits": "standard",
                            "disable_api_termination": "false",
                            "ebs_block_device.#": "0",
                            "ebs_optimized": "false",
                            "ephemeral_block_device.#": "0",
                            "get_password_data": "false",
                            "iam_instance_profile": "mytest_ManagedInstanceRoleforSSM",
                            "id": "i-0eb8c41f0d81ce163",
                            "instance_state": "running",
                            "instance_type": "t2.micro",
                            "ipv6_addresses.#": "0",
                            "key_name": "instance_keypair_07112018",
                            "monitoring": "true",
                            "network_interface.#": "0",
                            "network_interface_id": "eni-0221bb248c247d6c9",
                            "password_data": "",
                            "placement_group": "",
                            "primary_network_interface_id": "eni-0221bb248c247d6c9",
                            "private_dns": "ip-172-31-11-65.ap-southeast-2.compute.internal",
                            "private_ip": "172.31.11.65",
                            "public_dns": "ec2-13-236-67-180.ap-southeast-2.compute.amazonaws.com",
                            "public_ip": "13.236.67.180",
                            "root_block_device.#": "1",
                            "root_block_device.0.delete_on_termination": "true",
                            "root_block_device.0.iops": "100",
                            "root_block_device.0.volume_id": "vol-0024eb59e7ef4804e",
                            "root_block_device.0.volume_size": "30",
                            "root_block_device.0.volume_type": "gp2",
                            "security_groups.#": "2",
                            "security_groups.18920259": "allow-SSH",
                            "security_groups.849155494": "allow-HTTP",
                            "source_dest_check": "true",
                            "subnet_id": "subnet-64b38103",
                            "tags.%": "3",
                            "tags.Name": "Windows managed instance",
                            "tags.Patch Group": "Custome-PatchBaselineWindow",
                            "tags.Platform": "windows",
                            "tenancy": "default",
                            "user_data": "f3dfaf87503b0dbc361236bfcc290728640bd54a",
                            "volume_tags.%": "0",
                            "vpc_security_group_ids.#": "2",
                            "vpc_security_group_ids.1298627069": "sg-0095eb5df98a46245",
                            "vpc_security_group_ids.1913856841": "sg-04b2d5062ea6ecc46"
                        },
                        "meta": {
                            "e2bfb730-ecaa-11e6-8f88-34363bc7c4c0": {
                                "create": 600000000000,
                                "delete": 1200000000000,
                                "update": 600000000000
                            },
                            "schema_version": "1"
                        },
                        "tainted": false
                    },
                    "deposed": [],
                    "provider": "provider.aws"
                },
                "aws_instance.app2": {
                    "type": "aws_instance",
                    "depends_on": [
                        "aws_iam_instance_profile.ssm_ec2_role",
                        "local.common_tags_Linux"
                    ],
                    "primary": {
                        "id": "i-0a66b57b85341b2fd",
                        "attributes": {
                            "ami": "ami-08589eca6dcc9b39c",
                            "arn": "arn:aws:ec2:ap-southeast-2:702884508278:instance/i-0a66b57b85341b2fd",
                            "associate_public_ip_address": "true",
                            "availability_zone": "ap-southeast-2b",
                            "cpu_core_count": "1",
                            "cpu_threads_per_core": "1",
                            "credit_specification.#": "1",
                            "credit_specification.0.cpu_credits": "standard",
                            "disable_api_termination": "false",
                            "ebs_block_device.#": "0",
                            "ebs_optimized": "false",
                            "ephemeral_block_device.#": "0",
                            "get_password_data": "false",
                            "iam_instance_profile": "mytest_ManagedInstanceRoleforSSM",
                            "id": "i-0a66b57b85341b2fd",
                            "instance_state": "running",
                            "instance_type": "t2.micro",
                            "ipv6_addresses.#": "0",
                            "key_name": "instance_keypair_07112018",
                            "monitoring": "true",
                            "network_interface.#": "0",
                            "network_interface_id": "eni-05b5439131308cf14",
                            "password_data": "",
                            "placement_group": "",
                            "primary_network_interface_id": "eni-05b5439131308cf14",
                            "private_dns": "ip-172-31-0-97.ap-southeast-2.compute.internal",
                            "private_ip": "172.31.0.97",
                            "public_dns": "ec2-13-238-143-251.ap-southeast-2.compute.amazonaws.com",
                            "public_ip": "13.238.143.251",
                            "root_block_device.#": "1",
                            "root_block_device.0.delete_on_termination": "true",
                            "root_block_device.0.iops": "100",
                            "root_block_device.0.volume_id": "vol-0c19c9a311b95dc23",
                            "root_block_device.0.volume_size": "8",
                            "root_block_device.0.volume_type": "gp2",
                            "security_groups.#": "2",
                            "security_groups.18920259": "allow-SSH",
                            "security_groups.849155494": "allow-HTTP",
                            "source_dest_check": "true",
                            "subnet_id": "subnet-64b38103",
                            "tags.%": "3",
                            "tags.Name": "Linux managed instance",
                            "tags.Patch Group": "Custome-PatchBaselineWindow",
                            "tags.Platform": "linux",
                            "tenancy": "default",
                            "user_data": "f3dfaf87503b0dbc361236bfcc290728640bd54a",
                            "volume_tags.%": "0",
                            "vpc_security_group_ids.#": "2",
                            "vpc_security_group_ids.1298627069": "sg-0095eb5df98a46245",
                            "vpc_security_group_ids.1913856841": "sg-04b2d5062ea6ecc46"
                        },
                        "meta": {
                            "e2bfb730-ecaa-11e6-8f88-34363bc7c4c0": {
                                "create": 600000000000,
                                "delete": 1200000000000,
                                "update": 600000000000
                            },
                            "schema_version": "1"
                        },
                        "tainted": false
                    },
                    "deposed": [],
                    "provider": "provider.aws"
                },
                "aws_s3_bucket.ssm_log_bucket": {
                    "type": "aws_s3_bucket",
                    "depends_on": [],
                    "primary": {
                        "id": "hqk-ssm-logs-bucket-name-ssm-patch-logs",
                        "attributes": {
                            "acceleration_status": "",
                            "acl": "private",
                            "arn": "arn:aws:s3:::hqk-ssm-logs-bucket-name-ssm-patch-logs",
                            "bucket": "hqk-ssm-logs-bucket-name-ssm-patch-logs",
                            "bucket_domain_name": "hqk-ssm-logs-bucket-name-ssm-patch-logs.s3.amazonaws.com",
                            "bucket_regional_domain_name": "hqk-ssm-logs-bucket-name-ssm-patch-logs.s3.ap-southeast-2.amazonaws.com",
                            "cors_rule.#": "0",
                            "force_destroy": "true",
                            "hosted_zone_id": "Z1WCIGYICN2BYD",
                            "id": "hqk-ssm-logs-bucket-name-ssm-patch-logs",
                            "lifecycle_rule.#": "0",
                            "logging.#": "0",
                            "region": "ap-southeast-2",
                            "replication_configuration.#": "0",
                            "request_payer": "BucketOwner",
                            "server_side_encryption_configuration.#": "0",
                            "tags.%": "2",
                            "tags.Environment": "WINDOWS",
                            "tags.Name": "hqk-ssm-logs-bucket-name",
                            "versioning.#": "1",
                            "versioning.0.enabled": "false",
                            "versioning.0.mfa_delete": "false",
                            "website.#": "0"
                        },
                        "meta": {},
                        "tainted": false
                    },
                    "deposed": [],
                    "provider": "provider.aws"
                },
                "aws_ssm_maintenance_window.scan_maintenance_window": {
                    "type": "aws_ssm_maintenance_window",
                    "depends_on": [],
                    "primary": {
                        "id": "mw-06887503a91f926d4",
                        "attributes": {
                            "allow_unassociated_targets": "false",
                            "cutoff": "1",
                            "duration": "8",
                            "enabled": "true",
                            "id": "mw-06887503a91f926d4",
                            "name": "mytest_Maintenance_Window",
                            "schedule": "cron(/10 * * * ? *)"
                        },
                        "meta": {},
                        "tainted": false
                    },
                    "deposed": [],
                    "provider": "provider.aws"
                },
                "aws_ssm_maintenance_window_target.scan_target_group": {
                    "type": "aws_ssm_maintenance_window_target",
                    "depends_on": [
                        "aws_ssm_maintenance_window.scan_maintenance_window"
                    ],
                    "primary": {
                        "id": "5f78c125-18dd-4171-9257-f896d3e684a2",
                        "attributes": {
                            "id": "5f78c125-18dd-4171-9257-f896d3e684a2",
                            "owner_information": "",
                            "resource_type": "INSTANCE",
                            "targets.#": "1",
                            "targets.0.key": "tag:Patch Group",
                            "targets.0.values.#": "1",
                            "targets.0.values.0": "Custome-PatchBaselineWindow",
                            "window_id": "mw-06887503a91f926d4"
                        },
                        "meta": {},
                        "tainted": false
                    },
                    "deposed": [],
                    "provider": "provider.aws"
                },
                "aws_ssm_maintenance_window_task.scan_maintenance_task": {
                    "type": "aws_ssm_maintenance_window_task",
                    "depends_on": [
                        "aws_iam_role.maintenance_window_role",
                        "aws_s3_bucket.ssm_log_bucket",
                        "aws_ssm_maintenance_window.scan_maintenance_window",
                        "aws_ssm_maintenance_window_target.scan_target_group",
                        "data.aws_region.current"
                    ],
                    "primary": {
                        "id": "69366672-4f25-4684-aa0d-2eb0246e15cb",
                        "attributes": {
                            "description": "This is a maintenance window task - scanning Windows server",
                            "id": "69366672-4f25-4684-aa0d-2eb0246e15cb",
                            "logging_info.#": "1",
                            "logging_info.0.s3_bucket_name": "hqk-ssm-logs-bucket-name-ssm-patch-logs",
                            "logging_info.0.s3_bucket_prefix": "",
                            "logging_info.0.s3_region": "ap-southeast-2",
                            "max_concurrency": "1",
                            "max_errors": "1",
                            "name": "scan-maintenance-window-task",
                            "priority": "1",
                            "service_role_arn": "arn:aws:iam::702884508278:role/mytest_maintenance_window_role",
                            "targets.#": "1",
                            "targets.0.key": "WindowTargetIds",
                            "targets.0.values.#": "1",
                            "targets.0.values.0": "5f78c125-18dd-4171-9257-f896d3e684a2",
                            "task_arn": "AWS-RunPatchBaseline",
                            "task_parameters.#": "1",
                            "task_parameters.0.name": "Operation",
                            "task_parameters.0.values.#": "1",
                            "task_parameters.0.values.0": "Install",
                            "task_type": "RUN_COMMAND",
                            "window_id": "mw-06887503a91f926d4"
                        },
                        "meta": {},
                        "tainted": false
                    },
                    "deposed": [],
                    "provider": "provider.aws"
                },
                "aws_ssm_patch_baseline.scan_patch_baseline": {
                    "type": "aws_ssm_patch_baseline",
                    "depends_on": [],
                    "primary": {
                        "id": "pb-0d2ca80de61154408",
                        "attributes": {
                            "approval_rule.#": "1",
                            "approval_rule.0.approve_after_days": "0",
                            "approval_rule.0.compliance_level": "CRITICAL",
                            "approval_rule.0.enable_non_security": "false",
                            "approval_rule.0.patch_filter.#": "3",
                            "approval_rule.0.patch_filter.0.key": "PRODUCT",
                            "approval_rule.0.patch_filter.0.values.#": "1",
                            "approval_rule.0.patch_filter.0.values.0": "WindowsServer2016",
                            "approval_rule.0.patch_filter.1.key": "CLASSIFICATION",
                            "approval_rule.0.patch_filter.1.values.#": "1",
                            "approval_rule.0.patch_filter.1.values.0": "CriticalUpdates",
                            "approval_rule.0.patch_filter.2.key": "MSRC_SEVERITY",
                            "approval_rule.0.patch_filter.2.values.#": "1",
                            "approval_rule.0.patch_filter.2.values.0": "Critical",
                            "approved_patches.#": "0",
                            "approved_patches_compliance_level": "UNSPECIFIED",
                            "description": "Patch Baseline for Windows",
                            "global_filter.#": "0",
                            "id": "pb-0d2ca80de61154408",
                            "name": "Custome-PatchBaselineWindow",
                            "operating_system": "WINDOWS",
                            "rejected_patches.#": "0"
                        },
                        "meta": {},
                        "tainted": false
                    },
                    "deposed": [],
                    "provider": "provider.aws"
                },
                "aws_ssm_patch_group.scan_patch_group": {
                    "type": "aws_ssm_patch_group",
                    "depends_on": [
                        "aws_ssm_patch_baseline.scan_patch_baseline"
                    ],
                    "primary": {
                        "id": "Custome-PatchBaselineWindow",
                        "attributes": {
                            "baseline_id": "pb-0d2ca80de61154408",
                            "id": "Custome-PatchBaselineWindow",
                            "patch_group": "Custome-PatchBaselineWindow"
                        },
                        "meta": {},
                        "tainted": false
                    },
                    "deposed": [],
                    "provider": "provider.aws"
                },
                "data.aws_region.current": {
                    "type": "aws_region",
                    "depends_on": [],
                    "primary": {
                        "id": "ap-southeast-2",
                        "attributes": {
                            "current": "true",
                            "description": "Asia Pacific (Sydney)",
                            "endpoint": "ec2.ap-southeast-2.amazonaws.com",
                            "id": "ap-southeast-2",
                            "name": "ap-southeast-2"
                        },
                        "meta": {},
                        "tainted": false
                    },
                    "deposed": [],
                    "provider": "provider.aws"
                }
            },
            "depends_on": []
        }
    ]
}
